lockfileVersion: '9.0'

settings:
  autoInstallPeers: true
  excludeLinksFromLockfile: false

importers:

  .:
    dependencies:
      '@mysten/prettier-plugin-move':
        specifier: ^0.3.3
        version: 0.3.3
      prettier:
        specifier: ^3.1.1
        version: 3.6.2

packages:

  '@mysten/prettier-plugin-move@0.3.3':
    resolution: {integrity: sha512-UCq9W95fyYI6EUG3Lm1mtEyxBqVHzg7PdofMX7nSxn6841GwC7Tv6VhdRcDIANMbq+m6e2whxgEi+xXtDSnXrg==}
    hasBin: true

  prettier@3.6.2:
    resolution: {integrity: sha512-I7AIg5boAr5R0FFtJ6rCfD+LFsWHp81dolrFD8S79U9tb8Az2nGrJncnMSnys+bpQJfRUzqs9hnA81OAA3hCuQ==}
    engines: {node: '>=14'}
    hasBin: true

  web-tree-sitter@0.20.8:
    resolution: {integrity: sha512-weOVgZ3aAARgdnb220GqYuh7+rZU0Ka9k9yfKtGAzEYMa6GgiCzW9JjQRJyCJakvibQW+dfjJdihjInKuuCAUQ==}

snapshots:

  '@mysten/prettier-plugin-move@0.3.3':
    dependencies:
      prettier: 3.6.2
      web-tree-sitter: 0.20.8

  prettier@3.6.2: {}

  web-tree-sitter@0.20.8: {}
