# Generated by move; do not edit
# This file should be checked in.

[move]
version = 4

[pinned.dev.MoveStdlib]
source = { git = "https://github.com/MystenLabs/sui.git", subdir = "crates/sui-framework/packages/move-stdlib", rev = "85400e2bd37b490fcd057776e700d3fdca643396" }
use_environment = "dev"
manifest_digest = "C4FE4C91DE74CBF223B2E380AE40F592177D21870DC2D7EB6227D2D694E05363"
deps = {}

[pinned.dev.Sui]
source = { git = "https://github.com/MystenLabs/sui.git", subdir = "crates/sui-framework/packages/sui-framework", rev = "85400e2bd37b490fcd057776e700d3fdca643396" }
use_environment = "dev"
manifest_digest = "EA4322ACAE0C2B0A69CD8FC8EF734EB455BDC48311D529D9687CECBE1B3F6C68"
deps = { MoveStdlib = "MoveStdlib" }

[pinned.dev.core]
source = { root = true }
use_environment = "dev"
manifest_digest = "D57897BC535122CD3CB949AFE1637D27C48ECACE7AA4A38C0E6217E4903C5510"
deps = { std = "MoveStdlib", sui = "Sui" }

[pinned.testnet.MoveStdlib]
source = { git = "https://github.com/MystenLabs/sui.git", subdir = "crates/sui-framework/packages/move-stdlib", rev = "85400e2bd37b490fcd057776e700d3fdca643396" }
use_environment = "testnet"
manifest_digest = "C4FE4C91DE74CBF223B2E380AE40F592177D21870DC2D7EB6227D2D694E05363"
deps = {}

[pinned.testnet.Sui]
source = { git = "https://github.com/MystenLabs/sui.git", subdir = "crates/sui-framework/packages/sui-framework", rev = "85400e2bd37b490fcd057776e700d3fdca643396" }
use_environment = "testnet"
manifest_digest = "7AFB66695545775FBFBB2D3078ADFD084244D5002392E837FDE21D9EA1C6D01C"
deps = { MoveStdlib = "MoveStdlib" }

[pinned.testnet.core]
source = { root = true }
use_environment = "testnet"
manifest_digest = "5745706258F61D6CE210904B3E6AE87A73CE9D31A6F93BE4718C442529332A87"
deps = { std = "MoveStdlib", sui = "Sui" }
