# Generated by move; do not edit
# This file should be checked in.

[move]
version = 4

[pinned.dev.MoveStdlib]
source = { git = "https://github.com/MystenLabs/sui.git", subdir = "crates/sui-framework/packages/move-stdlib", rev = "b124567746b3a78a7e294ac2de265f693401ec9d" }
use_environment = "dev"
manifest_digest = "C4FE4C91DE74CBF223B2E380AE40F592177D21870DC2D7EB6227D2D694E05363"
deps = {}

[pinned.dev.Sui]
source = { git = "https://github.com/MystenLabs/sui.git", subdir = "crates/sui-framework/packages/sui-framework", rev = "b124567746b3a78a7e294ac2de265f693401ec9d" }
use_environment = "dev"
manifest_digest = "EA4322ACAE0C2B0A69CD8FC8EF734EB455BDC48311D529D9687CECBE1B3F6C68"
deps = { MoveStdlib = "MoveStdlib" }

[pinned.dev.core]
source = { local = "../core" }
use_environment = "dev"
manifest_digest = "D57897BC535122CD3CB949AFE1637D27C48ECACE7AA4A38C0E6217E4903C5510"
deps = { std = "MoveStdlib", sui = "Sui" }

[pinned.dev.inventory]
source = { root = true }
use_environment = "dev"
manifest_digest = "C9F5662B88EC27D4EDC3A17419B2DD98AA33F04F755FC7BC996546A84D83EA2F"
deps = { core = "core", std = "MoveStdlib", sui = "Sui" }
